// !$*UTF8*$!
{
   archiveVersion = "1";
   objectVersion = "46";
   objects = {
      "OBJ_1" = {
         isa = "PBXProject";
         attributes = {
            LastSwiftMigration = "9999";
            LastUpgradeCheck = "9999";
         };
         buildConfigurationList = "OBJ_2";
         compatibilityVersion = "Xcode 3.2";
         developmentRegion = "en";
         hasScannedForEncodings = "0";
         knownRegions = (
            "en"
         );
         mainGroup = "OBJ_5";
         productRefGroup = "OBJ_19";
         projectDirPath = ".";
         targets = (
            "commandlinetool::CommandLineTool",
            "commandlinetool::CommandLineToolCore",
            "commandlinetool::SwiftPMPackageDescription",
            "commandlinetool::CommandLineToolPackageTests::ProductTarget",
            "commandlinetool::CommandLineToolTests",
            "files::Files",
            "files::SwiftPMPackageDescription"
         );
      };
      "OBJ_10" = {
         isa = "PBXGroup";
         children = (
            "OBJ_11"
         );
         name = "CommandLineToolCore";
         path = "Sources/CommandLineToolCore";
         sourceTree = "SOURCE_ROOT";
      };
      "OBJ_11" = {
         isa = "PBXFileReference";
         path = "CommandLineTool.swift";
         sourceTree = "<group>";
      };
      "OBJ_12" = {
         isa = "PBXGroup";
         children = (
            "OBJ_13"
         );
         name = "Tests";
         path = "";
         sourceTree = "SOURCE_ROOT";
      };
      "OBJ_13" = {
         isa = "PBXGroup";
         children = (
            "OBJ_14"
         );
         name = "CommandLineToolTests";
         path = "Tests/CommandLineToolTests";
         sourceTree = "SOURCE_ROOT";
      };
      "OBJ_14" = {
         isa = "PBXFileReference";
         path = "CommandLineToolTests.swift";
         sourceTree = "<group>";
      };
      "OBJ_15" = {
         isa = "PBXGroup";
         children = (
            "OBJ_16"
         );
         name = "Dependencies";
         path = "";
         sourceTree = "<group>";
      };
      "OBJ_16" = {
         isa = "PBXGroup";
         children = (
            "OBJ_17",
            "OBJ_18"
         );
         name = "Files 4.2.0";
         path = ".build/checkouts/files/Sources";
         sourceTree = "SOURCE_ROOT";
      };
      "OBJ_17" = {
         isa = "PBXFileReference";
         explicitFileType = "sourcecode.swift";
         name = "Package.swift";
         path = "/Users/admin/Desktop/DZ/CommandLineTool/.build/checkouts/files/Package.swift";
         sourceTree = "<group>";
      };
      "OBJ_18" = {
         isa = "PBXFileReference";
         path = "Files.swift";
         sourceTree = "<group>";
      };
      "OBJ_19" = {
         isa = "PBXGroup";
         children = (
            "commandlinetool::CommandLineTool::Product",
            "commandlinetool::CommandLineToolCore::Product",
            "commandlinetool::CommandLineToolTests::Product",
            "files::Files::Product"
         );
         name = "Products";
         path = "";
         sourceTree = "BUILT_PRODUCTS_DIR";
      };
      "OBJ_2" = {
         isa = "XCConfigurationList";
         buildConfigurations = (
            "OBJ_3",
            "OBJ_4"
         );
         defaultConfigurationIsVisible = "0";
         defaultConfigurationName = "Release";
      };
      "OBJ_25" = {
         isa = "XCConfigurationList";
         buildConfigurations = (
            "OBJ_26",
            "OBJ_27"
         );
         defaultConfigurationIsVisible = "0";
         defaultConfigurationName = "Release";
      };
      "OBJ_26" = {
         isa = "XCBuildConfiguration";
         buildSettings = {
            CURRENT_PROJECT_VERSION = "1";
            DRIVERKIT_DEPLOYMENT_TARGET = "19.0";
            FRAMEWORK_SEARCH_PATHS = (
               "$(inherited)",
               "$(PLATFORM_DIR)/Developer/Library/Frameworks"
            );
            HEADER_SEARCH_PATHS = (
               "$(inherited)"
            );
            INFOPLIST_FILE = "CommandLineTool.xcodeproj/CommandLineTool_Info.plist";
            IPHONEOS_DEPLOYMENT_TARGET = "9.0";
            LD_RUNPATH_SEARCH_PATHS = (
               "$(inherited)",
               "$(TOOLCHAIN_DIR)/usr/lib/swift/macosx",
               "@executable_path"
            );
            MACOSX_DEPLOYMENT_TARGET = "10.12";
            OTHER_CFLAGS = (
               "$(inherited)"
            );
            OTHER_LDFLAGS = (
               "$(inherited)"
            );
            OTHER_SWIFT_FLAGS = (
               "$(inherited)"
            );
            SWIFT_ACTIVE_COMPILATION_CONDITIONS = (
               "$(inherited)"
            );
            SWIFT_FORCE_DYNAMIC_LINK_STDLIB = "YES";
            SWIFT_FORCE_STATIC_LINK_STDLIB = "NO";
            SWIFT_VERSION = "5.0";
            TARGET_NAME = "CommandLineTool";
            TVOS_DEPLOYMENT_TARGET = "9.0";
            WATCHOS_DEPLOYMENT_TARGET = "2.0";
         };
         name = "Debug";
      };
      "OBJ_27" = {
         isa = "XCBuildConfiguration";
         buildSettings = {
            CURRENT_PROJECT_VERSION = "1";
            DRIVERKIT_DEPLOYMENT_TARGET = "19.0";
            FRAMEWORK_SEARCH_PATHS = (
               "$(inherited)",
               "$(PLATFORM_DIR)/Developer/Library/Frameworks"
            );
            HEADER_SEARCH_PATHS = (
               "$(inherited)"
            );
            INFOPLIST_FILE = "CommandLineTool.xcodeproj/CommandLineTool_Info.plist";
            IPHONEOS_DEPLOYMENT_TARGET = "9.0";
            LD_RUNPATH_SEARCH_PATHS = (
               "$(inherited)",
               "$(TOOLCHAIN_DIR)/usr/lib/swift/macosx",
               "@executable_path"
            );
            MACOSX_DEPLOYMENT_TARGET = "10.12";
            OTHER_CFLAGS = (
               "$(inherited)"
            );
            OTHER_LDFLAGS = (
               "$(inherited)"
            );
            OTHER_SWIFT_FLAGS = (
               "$(inherited)"
            );
            SWIFT_ACTIVE_COMPILATION_CONDITIONS = (
               "$(inherited)"
            );
            SWIFT_FORCE_DYNAMIC_LINK_STDLIB = "YES";
            SWIFT_FORCE_STATIC_LINK_STDLIB = "NO";
            SWIFT_VERSION = "5.0";
            TARGET_NAME = "CommandLineTool";
            TVOS_DEPLOYMENT_TARGET = "9.0";
            WATCHOS_DEPLOYMENT_TARGET = "2.0";
         };
         name = "Release";
      };
      "OBJ_28" = {
         isa = "PBXSourcesBuildPhase";
         files = (
            "OBJ_29"
         );
      };
      "OBJ_29" = {
         isa = "PBXBuildFile";
         fileRef = "OBJ_9";
      };
      "OBJ_3" = {
         isa = "XCBuildConfiguration";
         buildSettings = {
            CLANG_ENABLE_OBJC_ARC = "YES";
            COMBINE_HIDPI_IMAGES = "YES";
            COPY_PHASE_STRIP = "NO";
            DEBUG_INFORMATION_FORMAT = "dwarf";
            DYLIB_INSTALL_NAME_BASE = "@rpath";
            ENABLE_NS_ASSERTIONS = "YES";
            GCC_OPTIMIZATION_LEVEL = "0";
            GCC_PREPROCESSOR_DEFINITIONS = (
               "$(inherited)",
               "SWIFT_PACKAGE=1",
               "DEBUG=1"
            );
            MACOSX_DEPLOYMENT_TARGET = "10.10";
            ONLY_ACTIVE_ARCH = "YES";
            OTHER_SWIFT_FLAGS = (
               "$(inherited)",
               "-DXcode"
            );
            PRODUCT_NAME = "$(TARGET_NAME)";
            SDKROOT = "macosx";
            SUPPORTED_PLATFORMS = (
               "$(AVAILABLE_PLATFORMS)"
            );
            SUPPORTS_MACCATALYST = "YES";
            SWIFT_ACTIVE_COMPILATION_CONDITIONS = (
               "$(inherited)",
               "SWIFT_PACKAGE",
               "DEBUG"
            );
            SWIFT_OPTIMIZATION_LEVEL = "-Onone";
            USE_HEADERMAP = "NO";
         };
         name = "Debug";
      };
      "OBJ_30" = {
         isa = "PBXFrameworksBuildPhase";
         files = (
            "OBJ_31",
            "OBJ_32"
         );
      };
      "OBJ_31" = {
         isa = "PBXBuildFile";
         fileRef = "commandlinetool::CommandLineToolCore::Product";
      };
      "OBJ_32" = {
         isa = "PBXBuildFile";
         fileRef = "files::Files::Product";
      };
      "OBJ_33" = {
         isa = "PBXTargetDependency";
         target = "commandlinetool::CommandLineToolCore";
      };
      "OBJ_35" = {
         isa = "PBXTargetDependency";
         target = "files::Files";
      };
      "OBJ_37" = {
         isa = "XCConfigurationList";
         buildConfigurations = (
            "OBJ_38",
            "OBJ_39"
         );
         defaultConfigurationIsVisible = "0";
         defaultConfigurationName = "Release";
      };
      "OBJ_38" = {
         isa = "XCBuildConfiguration";
         buildSettings = {
            CURRENT_PROJECT_VERSION = "1";
            DRIVERKIT_DEPLOYMENT_TARGET = "19.0";
            ENABLE_TESTABILITY = "YES";
            FRAMEWORK_SEARCH_PATHS = (
               "$(inherited)",
               "$(PLATFORM_DIR)/Developer/Library/Frameworks"
            );
            HEADER_SEARCH_PATHS = (
               "$(inherited)"
            );
            INFOPLIST_FILE = "CommandLineTool.xcodeproj/CommandLineToolCore_Info.plist";
            IPHONEOS_DEPLOYMENT_TARGET = "9.0";
            LD_RUNPATH_SEARCH_PATHS = (
               "$(inherited)",
               "$(TOOLCHAIN_DIR)/usr/lib/swift/macosx"
            );
            MACOSX_DEPLOYMENT_TARGET = "10.12";
            OTHER_CFLAGS = (
               "$(inherited)"
            );
            OTHER_LDFLAGS = (
               "$(inherited)"
            );
            OTHER_SWIFT_FLAGS = (
               "$(inherited)"
            );
            PRODUCT_BUNDLE_IDENTIFIER = "CommandLineToolCore";
            PRODUCT_MODULE_NAME = "$(TARGET_NAME:c99extidentifier)";
            PRODUCT_NAME = "$(TARGET_NAME:c99extidentifier)";
            SKIP_INSTALL = "YES";
            SWIFT_ACTIVE_COMPILATION_CONDITIONS = (
               "$(inherited)"
            );
            SWIFT_VERSION = "5.0";
            TARGET_NAME = "CommandLineToolCore";
            TVOS_DEPLOYMENT_TARGET = "9.0";
            WATCHOS_DEPLOYMENT_TARGET = "2.0";
         };
         name = "Debug";
      };
      "OBJ_39" = {
         isa = "XCBuildConfiguration";
         buildSettings = {
            CURRENT_PROJECT_VERSION = "1";
            DRIVERKIT_DEPLOYMENT_TARGET = "19.0";
            ENABLE_TESTABILITY = "YES";
            FRAMEWORK_SEARCH_PATHS = (
               "$(inherited)",
               "$(PLATFORM_DIR)/Developer/Library/Frameworks"
            );
            HEADER_SEARCH_PATHS = (
               "$(inherited)"
            );
            INFOPLIST_FILE = "CommandLineTool.xcodeproj/CommandLineToolCore_Info.plist";
            IPHONEOS_DEPLOYMENT_TARGET = "9.0";
            LD_RUNPATH_SEARCH_PATHS = (
               "$(inherited)",
               "$(TOOLCHAIN_DIR)/usr/lib/swift/macosx"
            );
            MACOSX_DEPLOYMENT_TARGET = "10.12";
            OTHER_CFLAGS = (
               "$(inherited)"
            );
            OTHER_LDFLAGS = (
               "$(inherited)"
            );
            OTHER_SWIFT_FLAGS = (
               "$(inherited)"
            );
            PRODUCT_BUNDLE_IDENTIFIER = "CommandLineToolCore";
            PRODUCT_MODULE_NAME = "$(TARGET_NAME:c99extidentifier)";
            PRODUCT_NAME = "$(TARGET_NAME:c99extidentifier)";
            SKIP_INSTALL = "YES";
            SWIFT_ACTIVE_COMPILATION_CONDITIONS = (
               "$(inherited)"
            );
            SWIFT_VERSION = "5.0";
            TARGET_NAME = "CommandLineToolCore";
            TVOS_DEPLOYMENT_TARGET = "9.0";
            WATCHOS_DEPLOYMENT_TARGET = "2.0";
         };
         name = "Release";
      };
      "OBJ_4" = {
         isa = "XCBuildConfiguration";
         buildSettings = {
            CLANG_ENABLE_OBJC_ARC = "YES";
            COMBINE_HIDPI_IMAGES = "YES";
            COPY_PHASE_STRIP = "YES";
            DEBUG_INFORMATION_FORMAT = "dwarf-with-dsym";
            DYLIB_INSTALL_NAME_BASE = "@rpath";
            GCC_OPTIMIZATION_LEVEL = "s";
            GCC_PREPROCESSOR_DEFINITIONS = (
               "$(inherited)",
               "SWIFT_PACKAGE=1"
            );
            MACOSX_DEPLOYMENT_TARGET = "10.10";
            OTHER_SWIFT_FLAGS = (
               "$(inherited)",
               "-DXcode"
            );
            PRODUCT_NAME = "$(TARGET_NAME)";
            SDKROOT = "macosx";
            SUPPORTED_PLATFORMS = (
               "$(AVAILABLE_PLATFORMS)"
            );
            SUPPORTS_MACCATALYST = "YES";
            SWIFT_ACTIVE_COMPILATION_CONDITIONS = (
               "$(inherited)",
               "SWIFT_PACKAGE"
            );
            SWIFT_OPTIMIZATION_LEVEL = "-Owholemodule";
            USE_HEADERMAP = "NO";
         };
         name = "Release";
      };
      "OBJ_40" = {
         isa = "PBXSourcesBuildPhase";
         files = (
            "OBJ_41"
         );
      };
      "OBJ_41" = {
         isa = "PBXBuildFile";
         fileRef = "OBJ_11";
      };
      "OBJ_42" = {
         isa = "PBXFrameworksBuildPhase";
         files = (
            "OBJ_43"
         );
      };
      "OBJ_43" = {
         isa = "PBXBuildFile";
         fileRef = "files::Files::Product";
      };
      "OBJ_44" = {
         isa = "PBXTargetDependency";
         target = "files::Files";
      };
      "OBJ_46" = {
         isa = "XCConfigurationList";
         buildConfigurations = (
            "OBJ_47",
            "OBJ_48"
         );
         defaultConfigurationIsVisible = "0";
         defaultConfigurationName = "Release";
      };
      "OBJ_47" = {
         isa = "XCBuildConfiguration";
         buildSettings = {
            LD = "/usr/bin/true";
            OTHER_SWIFT_FLAGS = (
               "-swift-version",
               "5",
               "-I",
               "$(TOOLCHAIN_DIR)/usr/lib/swift/pm/ManifestAPI",
               "-sdk",
               "/Applications/Xcode.app/Contents/Developer/Platforms/MacOSX.platform/Developer/SDKs/MacOSX12.3.sdk",
               "-package-description-version",
               "5.6.0"
            );
            SWIFT_VERSION = "5.0";
         };
         name = "Debug";
      };
      "OBJ_48" = {
         isa = "XCBuildConfiguration";
         buildSettings = {
            LD = "/usr/bin/true";
            OTHER_SWIFT_FLAGS = (
               "-swift-version",
               "5",
               "-I",
               "$(TOOLCHAIN_DIR)/usr/lib/swift/pm/ManifestAPI",
               "-sdk",
               "/Applications/Xcode.app/Contents/Developer/Platforms/MacOSX.platform/Developer/SDKs/MacOSX12.3.sdk",
               "-package-description-version",
               "5.6.0"
            );
            SWIFT_VERSION = "5.0";
         };
         name = "Release";
      };
      "OBJ_49" = {
         isa = "PBXSourcesBuildPhase";
         files = (
            "OBJ_50"
         );
      };
      "OBJ_5" = {
         isa = "PBXGroup";
         children = (
            "OBJ_6",
            "OBJ_7",
            "OBJ_12",
            "OBJ_15",
            "OBJ_19"
         );
         path = "";
         sourceTree = "<group>";
      };
      "OBJ_50" = {
         isa = "PBXBuildFile";
         fileRef = "OBJ_6";
      };
      "OBJ_52" = {
         isa = "XCConfigurationList";
         buildConfigurations = (
            "OBJ_53",
            "OBJ_54"
         );
         defaultConfigurationIsVisible = "0";
         defaultConfigurationName = "Release";
      };
      "OBJ_53" = {
         isa = "XCBuildConfiguration";
         buildSettings = {
         };
         name = "Debug";
      };
      "OBJ_54" = {
         isa = "XCBuildConfiguration";
         buildSettings = {
         };
         name = "Release";
      };
      "OBJ_55" = {
         isa = "PBXTargetDependency";
         target = "commandlinetool::CommandLineToolTests";
      };
      "OBJ_57" = {
         isa = "XCConfigurationList";
         buildConfigurations = (
            "OBJ_58",
            "OBJ_59"
         );
         defaultConfigurationIsVisible = "0";
         defaultConfigurationName = "Release";
      };
      "OBJ_58" = {
         isa = "XCBuildConfiguration";
         buildSettings = {
            CLANG_ENABLE_MODULES = "YES";
            CURRENT_PROJECT_VERSION = "1";
            DRIVERKIT_DEPLOYMENT_TARGET = "19.0";
            EMBEDDED_CONTENT_CONTAINS_SWIFT = "YES";
            FRAMEWORK_SEARCH_PATHS = (
               "$(inherited)",
               "$(PLATFORM_DIR)/Developer/Library/Frameworks"
            );
            HEADER_SEARCH_PATHS = (
               "$(inherited)"
            );
            INFOPLIST_FILE = "CommandLineTool.xcodeproj/CommandLineToolTests_Info.plist";
            IPHONEOS_DEPLOYMENT_TARGET = "14.0";
            LD_RUNPATH_SEARCH_PATHS = (
               "$(inherited)",
               "@loader_path/../Frameworks",
               "@loader_path/Frameworks"
            );
            MACOSX_DEPLOYMENT_TARGET = "11.0";
            OTHER_CFLAGS = (
               "$(inherited)"
            );
            OTHER_LDFLAGS = (
               "$(inherited)"
            );
            OTHER_SWIFT_FLAGS = (
               "$(inherited)"
            );
            SWIFT_ACTIVE_COMPILATION_CONDITIONS = (
               "$(inherited)"
            );
            SWIFT_VERSION = "5.0";
            TARGET_NAME = "CommandLineToolTests";
            TVOS_DEPLOYMENT_TARGET = "14.0";
            WATCHOS_DEPLOYMENT_TARGET = "7.0";
         };
         name = "Debug";
      };
      "OBJ_59" = {
         isa = "XCBuildConfiguration";
         buildSettings = {
            CLANG_ENABLE_MODULES = "YES";
            CURRENT_PROJECT_VERSION = "1";
            DRIVERKIT_DEPLOYMENT_TARGET = "19.0";
            EMBEDDED_CONTENT_CONTAINS_SWIFT = "YES";
            FRAMEWORK_SEARCH_PATHS = (
               "$(inherited)",
               "$(PLATFORM_DIR)/Developer/Library/Frameworks"
            );
            HEADER_SEARCH_PATHS = (
               "$(inherited)"
            );
            INFOPLIST_FILE = "CommandLineTool.xcodeproj/CommandLineToolTests_Info.plist";
            IPHONEOS_DEPLOYMENT_TARGET = "14.0";
            LD_RUNPATH_SEARCH_PATHS = (
               "$(inherited)",
               "@loader_path/../Frameworks",
               "@loader_path/Frameworks"
            );
            MACOSX_DEPLOYMENT_TARGET = "11.0";
            OTHER_CFLAGS = (
               "$(inherited)"
            );
            OTHER_LDFLAGS = (
               "$(inherited)"
            );
            OTHER_SWIFT_FLAGS = (
               "$(inherited)"
            );
            SWIFT_ACTIVE_COMPILATION_CONDITIONS = (
               "$(inherited)"
            );
            SWIFT_VERSION = "5.0";
            TARGET_NAME = "CommandLineToolTests";
            TVOS_DEPLOYMENT_TARGET = "14.0";
            WATCHOS_DEPLOYMENT_TARGET = "7.0";
         };
         name = "Release";
      };
      "OBJ_6" = {
         isa = "PBXFileReference";
         explicitFileType = "sourcecode.swift";
         path = "Package.swift";
         sourceTree = "<group>";
      };
      "OBJ_60" = {
         isa = "PBXSourcesBuildPhase";
         files = (
            "OBJ_61"
         );
      };
      "OBJ_61" = {
         isa = "PBXBuildFile";
         fileRef = "OBJ_14";
      };
      "OBJ_62" = {
         isa = "PBXFrameworksBuildPhase";
         files = (
            "OBJ_63",
            "OBJ_64"
         );
      };
      "OBJ_63" = {
         isa = "PBXBuildFile";
         fileRef = "commandlinetool::CommandLineToolCore::Product";
      };
      "OBJ_64" = {
         isa = "PBXBuildFile";
         fileRef = "files::Files::Product";
      };
      "OBJ_65" = {
         isa = "PBXTargetDependency";
         target = "commandlinetool::CommandLineTool";
      };
      "OBJ_66" = {
         isa = "PBXTargetDependency";
         target = "commandlinetool::CommandLineToolCore";
      };
      "OBJ_67" = {
         isa = "PBXTargetDependency";
         target = "files::Files";
      };
      "OBJ_68" = {
         isa = "XCConfigurationList";
         buildConfigurations = (
            "OBJ_69",
            "OBJ_70"
         );
         defaultConfigurationIsVisible = "0";
         defaultConfigurationName = "Release";
      };
      "OBJ_69" = {
         isa = "XCBuildConfiguration";
         buildSettings = {
            CURRENT_PROJECT_VERSION = "1";
            DRIVERKIT_DEPLOYMENT_TARGET = "19.0";
            ENABLE_TESTABILITY = "YES";
            FRAMEWORK_SEARCH_PATHS = (
               "$(inherited)",
               "$(PLATFORM_DIR)/Developer/Library/Frameworks"
            );
            HEADER_SEARCH_PATHS = (
               "$(inherited)"
            );
            INFOPLIST_FILE = "CommandLineTool.xcodeproj/Files_Info.plist";
            IPHONEOS_DEPLOYMENT_TARGET = "9.0";
            LD_RUNPATH_SEARCH_PATHS = (
               "$(inherited)",
               "$(TOOLCHAIN_DIR)/usr/lib/swift/macosx"
            );
            MACOSX_DEPLOYMENT_TARGET = "10.10";
            OTHER_CFLAGS = (
               "$(inherited)"
            );
            OTHER_LDFLAGS = (
               "$(inherited)"
            );
            OTHER_SWIFT_FLAGS = (
               "$(inherited)"
            );
            PRODUCT_BUNDLE_IDENTIFIER = "Files";
            PRODUCT_MODULE_NAME = "$(TARGET_NAME:c99extidentifier)";
            PRODUCT_NAME = "$(TARGET_NAME:c99extidentifier)";
            SKIP_INSTALL = "YES";
            SWIFT_ACTIVE_COMPILATION_CONDITIONS = (
               "$(inherited)"
            );
            SWIFT_VERSION = "5.0";
            TARGET_NAME = "Files";
            TVOS_DEPLOYMENT_TARGET = "9.0";
            WATCHOS_DEPLOYMENT_TARGET = "2.0";
         };
         name = "Debug";
      };
      "OBJ_7" = {
         isa = "PBXGroup";
         children = (
            "OBJ_8",
            "OBJ_10"
         );
         name = "Sources";
         path = "";
         sourceTree = "SOURCE_ROOT";
      };
      "OBJ_70" = {
         isa = "XCBuildConfiguration";
         buildSettings = {
            CURRENT_PROJECT_VERSION = "1";
            DRIVERKIT_DEPLOYMENT_TARGET = "19.0";
            ENABLE_TESTABILITY = "YES";
            FRAMEWORK_SEARCH_PATHS = (
               "$(inherited)",
               "$(PLATFORM_DIR)/Developer/Library/Frameworks"
            );
            HEADER_SEARCH_PATHS = (
               "$(inherited)"
            );
            INFOPLIST_FILE = "CommandLineTool.xcodeproj/Files_Info.plist";
            IPHONEOS_DEPLOYMENT_TARGET = "9.0";
            LD_RUNPATH_SEARCH_PATHS = (
               "$(inherited)",
               "$(TOOLCHAIN_DIR)/usr/lib/swift/macosx"
            );
            MACOSX_DEPLOYMENT_TARGET = "10.10";
            OTHER_CFLAGS = (
               "$(inherited)"
            );
            OTHER_LDFLAGS = (
               "$(inherited)"
            );
            OTHER_SWIFT_FLAGS = (
               "$(inherited)"
            );
            PRODUCT_BUNDLE_IDENTIFIER = "Files";
            PRODUCT_MODULE_NAME = "$(TARGET_NAME:c99extidentifier)";
            PRODUCT_NAME = "$(TARGET_NAME:c99extidentifier)";
            SKIP_INSTALL = "YES";
            SWIFT_ACTIVE_COMPILATION_CONDITIONS = (
               "$(inherited)"
            );
            SWIFT_VERSION = "5.0";
            TARGET_NAME = "Files";
            TVOS_DEPLOYMENT_TARGET = "9.0";
            WATCHOS_DEPLOYMENT_TARGET = "2.0";
         };
         name = "Release";
      };
      "OBJ_71" = {
         isa = "PBXSourcesBuildPhase";
         files = (
            "OBJ_72"
         );
      };
      "OBJ_72" = {
         isa = "PBXBuildFile";
         fileRef = "OBJ_18";
      };
      "OBJ_73" = {
         isa = "PBXFrameworksBuildPhase";
         files = (
         );
      };
      "OBJ_75" = {
         isa = "XCConfigurationList";
         buildConfigurations = (
            "OBJ_76",
            "OBJ_77"
         );
         defaultConfigurationIsVisible = "0";
         defaultConfigurationName = "Release";
      };
      "OBJ_76" = {
         isa = "XCBuildConfiguration";
         buildSettings = {
            LD = "/usr/bin/true";
            OTHER_SWIFT_FLAGS = (
               "-swift-version",
               "5",
               "-I",
               "$(TOOLCHAIN_DIR)/usr/lib/swift/pm/ManifestAPI",
               "-sdk",
               "/Applications/Xcode.app/Contents/Developer/Platforms/MacOSX.platform/Developer/SDKs/MacOSX12.3.sdk",
               "-package-description-version",
               "5.0.0"
            );
            SWIFT_VERSION = "5.0";
         };
         name = "Debug";
      };
      "OBJ_77" = {
         isa = "XCBuildConfiguration";
         buildSettings = {
            LD = "/usr/bin/true";
            OTHER_SWIFT_FLAGS = (
               "-swift-version",
               "5",
               "-I",
               "$(TOOLCHAIN_DIR)/usr/lib/swift/pm/ManifestAPI",
               "-sdk",
               "/Applications/Xcode.app/Contents/Developer/Platforms/MacOSX.platform/Developer/SDKs/MacOSX12.3.sdk",
               "-package-description-version",
               "5.0.0"
            );
            SWIFT_VERSION = "5.0";
         };
         name = "Release";
      };
      "OBJ_78" = {
         isa = "PBXSourcesBuildPhase";
         files = (
            "OBJ_79"
         );
      };
      "OBJ_79" = {
         isa = "PBXBuildFile";
         fileRef = "OBJ_17";
      };
      "OBJ_8" = {
         isa = "PBXGroup";
         children = (
            "OBJ_9"
         );
         name = "CommandLineTool";
         path = "Sources/CommandLineTool";
         sourceTree = "SOURCE_ROOT";
      };
      "OBJ_9" = {
         isa = "PBXFileReference";
         path = "main.swift";
         sourceTree = "<group>";
      };
      "commandlinetool::CommandLineTool" = {
         isa = "PBXNativeTarget";
         buildConfigurationList = "OBJ_25";
         buildPhases = (
            "OBJ_28",
            "OBJ_30"
         );
         dependencies = (
            "OBJ_33",
            "OBJ_35"
         );
         name = "CommandLineTool";
         productName = "CommandLineTool";
         productReference = "commandlinetool::CommandLineTool::Product";
         productType = "com.apple.product-type.tool";
      };
      "commandlinetool::CommandLineTool::Product" = {
         isa = "PBXFileReference";
         path = "CommandLineTool";
         sourceTree = "BUILT_PRODUCTS_DIR";
      };
      "commandlinetool::CommandLineToolCore" = {
         isa = "PBXNativeTarget";
         buildConfigurationList = "OBJ_37";
         buildPhases = (
            "OBJ_40",
            "OBJ_42"
         );
         dependencies = (
            "OBJ_44"
         );
         name = "CommandLineToolCore";
         productName = "CommandLineToolCore";
         productReference = "commandlinetool::CommandLineToolCore::Product";
         productType = "com.apple.product-type.framework";
      };
      "commandlinetool::CommandLineToolCore::Product" = {
         isa = "PBXFileReference";
         path = "CommandLineToolCore.framework";
         sourceTree = "BUILT_PRODUCTS_DIR";
      };
      "commandlinetool::CommandLineToolPackageTests::ProductTarget" = {
         isa = "PBXAggregateTarget";
         buildConfigurationList = "OBJ_52";
         buildPhases = (
         );
         dependencies = (
            "OBJ_55"
         );
         name = "CommandLineToolPackageTests";
         productName = "CommandLineToolPackageTests";
      };
      "commandlinetool::CommandLineToolTests" = {
         isa = "PBXNativeTarget";
         buildConfigurationList = "OBJ_57";
         buildPhases = (
            "OBJ_60",
            "OBJ_62"
         );
         dependencies = (
            "OBJ_65",
            "OBJ_66",
            "OBJ_67"
         );
         name = "CommandLineToolTests";
         productName = "CommandLineToolTests";
         productReference = "commandlinetool::CommandLineToolTests::Product";
         productType = "com.apple.product-type.bundle.unit-test";
      };
      "commandlinetool::CommandLineToolTests::Product" = {
         isa = "PBXFileReference";
         path = "CommandLineToolTests.xctest";
         sourceTree = "BUILT_PRODUCTS_DIR";
      };
      "commandlinetool::SwiftPMPackageDescription" = {
         isa = "PBXNativeTarget";
         buildConfigurationList = "OBJ_46";
         buildPhases = (
            "OBJ_49"
         );
         dependencies = (
         );
         name = "CommandLineToolPackageDescription";
         productName = "CommandLineToolPackageDescription";
         productType = "com.apple.product-type.framework";
      };
      "files::Files" = {
         isa = "PBXNativeTarget";
         buildConfigurationList = "OBJ_68";
         buildPhases = (
            "OBJ_71",
            "OBJ_73"
         );
         dependencies = (
         );
         name = "Files";
         productName = "Files";
         productReference = "files::Files::Product";
         productType = "com.apple.product-type.framework";
      };
      "files::Files::Product" = {
         isa = "PBXFileReference";
         path = "Files.framework";
         sourceTree = "BUILT_PRODUCTS_DIR";
      };
      "files::SwiftPMPackageDescription" = {
         isa = "PBXNativeTarget";
         buildConfigurationList = "OBJ_75";
         buildPhases = (
            "OBJ_78"
         );
         dependencies = (
         );
         name = "FilesPackageDescription";
         productName = "FilesPackageDescription";
         productType = "com.apple.product-type.framework";
      };
   };
   rootObject = "OBJ_1";
}
